{
  "lockfileVersion": 1,
  "configVersion": 1,
  "workspaces": {
    "": {
      "name": "@sforum/sforum-smtp-admin",
      "dependencies": {},
      "peerDependencies": {
        "@nuxt/ui": "^4.9.0",
        "@sforum/admin-sdk": "^1.0.0",
        "nuxt": "^4.4.8",
        "vue": "^3.5.39",
        "vue-router": "^5.1.0"
      }
    }
  },
  "packages": {}
}
