{
    "_readme": [
        "This file locks the dependencies of your project to a known state",
        "Read more about it at https://getcomposer.org/doc/01-basic-usage.md#installing-dependencies",
        "This file is @generated automatically"
    ],
    "content-hash": "a73fbb6d0ac11583b73ed62a6fb14aa5",
    "packages": [
        {
            "name": "multiavatar/multiavatar-php",
            "version": "v1.0.5",
            "source": {
                "type": "git",
                "url": "https://github.com/multiavatar/multiavatar-php.git",
                "reference": "13a62a656b1c2ca1c62dee57b4c1d8a3b04e6574"
            },
            "dist": {
                "type": "zip",
                "url": "https://api.github.com/repos/multiavatar/multiavatar-php/zipball/13a62a656b1c2ca1c62dee57b4c1d8a3b04e6574",
                "reference": "13a62a656b1c2ca1c62dee57b4c1d8a3b04e6574",
                "shasum": "",
                "mirrors": [
                    {
                        "url": "https://mirrors.aliyun.com/composer/dists/%package%/%reference%.%type%",
                        "preferred": true
                    }
                ]
            },
            "type": "library",
            "autoload": {
                "classmap": [
                    "Multiavatar.php"
                ]
            },
            "notification-url": "https://packagist.org/downloads/",
            "license": [
                "proprietary"
            ],
            "authors": [
                {
                    "name": "Gie Katon",
                    "homepage": "https://giekaton.com"
                }
            ],
            "description": "Multicultural Avatar Generator",
            "homepage": "https://multiavatar.com",
            "keywords": [
                "avatar",
                "creator",
                "generator",
                "image",
                "maker",
                "picture",
                "profile"
            ],
            "support": {
                "issues": "https://github.com/multiavatar/multiavatar-php/issues",
                "source": "https://github.com/multiavatar/multiavatar-php/tree/v1.0.5"
            },
            "time": "2021-03-02T07:33:46+00:00"
        }
    ],
    "packages-dev": [],
    "aliases": [],
    "minimum-stability": "stable",
    "stability-flags": [],
    "prefer-stable": false,
    "prefer-lowest": false,
    "platform": [],
    "platform-dev": [],
    "plugin-api-version": "2.0.0"
}
