{
  "lockfileVersion": 1,
  "configVersion": 1,
  "workspaces": {
    "": {
      "name": "@sforum/trusted-admin-fixture",
      "dependencies": {
        "sforum-fixture-dependency": "1.0.0",
      },
      "peerDependencies": {
        "@nuxt/ui": "^4.9.0",
        "@sforum/admin-sdk": "^1.0.0",
        "nuxt": "^4.4.8",
        "vue": "^3.5.39",
        "vue-router": "^5.1.0",
      },
      "optionalPeers": [
        "@nuxt/ui",
        "@sforum/admin-sdk",
        "nuxt",
        "vue",
        "vue-router",
      ],
    },
  },
  "packages": {
    "sforum-fixture-dependency": ["sforum-fixture-dependency@1.0.0", "", {}, "sha512-LGwZK2sN1kcIcGsr1ze3Rc5k6RBdFL3HodbQpWziqq/DE9wD1qQqxh6io2gyFa3a4qvPmV1qe6RwpZXXfhUEyg=="],
  }
}
